// !$*UTF8*$!
{
	archiveVersion = 1;
	classes = {
	};
	objectVersion = 50;
	objects = {

/* Begin PBXBuildFile section */
		8D76CE4026C2CEDB0088939E /* AppDelegate.swift in Sources */ = {isa = PBXBuildFile; fileRef = 8D76CE3F26C2CEDB0088939E /* AppDelegate.swift */; };
		8D76CE4226C2CEDB0088939E /* SceneDelegate.swift in Sources */ = {isa = PBXBuildFile; fileRef = 8D76CE4126C2CEDB0088939E /* SceneDelegate.swift */; };
		8D76CE4926C2CEE10088939E /* Assets.xcassets in Resources */ = {isa = PBXBuildFile; fileRef = 8D76CE4826C2CEE10088939E /* Assets.xcassets */; };
		8D76CE4C26C2CEE10088939E /* LaunchScreen.storyboard in Resources */ = {isa = PBXBuildFile; fileRef = 8D76CE4A26C2CEE10088939E /* LaunchScreen.storyboard */; };
		8D76CE5926C2D0660088939E /* MainTabController.swift in Sources */ = {isa = PBXBuildFile; fileRef = 8D76CE5826C2D0660088939E /* MainTabController.swift */; };
		8D76CE5D26C2D3440088939E /* FeedController.swift in Sources */ = {isa = PBXBuildFile; fileRef = 8D76CE5C26C2D3440088939E /* FeedController.swift */; };
		8D76CE5F26C2D3A10088939E /* ExploreController.swift in Sources */ = {isa = PBXBuildFile; fileRef = 8D76CE5E26C2D3A10088939E /* ExploreController.swift */; };
		8D76CE6126C2D3C30088939E /* NotificationsController.swift in Sources */ = {isa = PBXBuildFile; fileRef = 8D76CE6026C2D3C30088939E /* NotificationsController.swift */; };
		8D76CE6326C2D3D70088939E /* ConversationsController.swift in Sources */ = {isa = PBXBuildFile; fileRef = 8D76CE6226C2D3D70088939E /* ConversationsController.swift */; };
		8D76CE6726C2DDD00088939E /* Constants.swift in Sources */ = {isa = PBXBuildFile; fileRef = 8D76CE6626C2DDD00088939E /* Constants.swift */; };
		8D76CE6926C2DF570088939E /* Extensions.swift in Sources */ = {isa = PBXBuildFile; fileRef = 8D76CE6826C2DF570088939E /* Extensions.swift */; };
		8DDAA5AC26C2EBEA008956E9 /* LoginController.swift in Sources */ = {isa = PBXBuildFile; fileRef = 8DDAA5AB26C2EBEA008956E9 /* LoginController.swift */; };
		8DDAA5AE26C2EC64008956E9 /* RegistrationController.swift in Sources */ = {isa = PBXBuildFile; fileRef = 8DDAA5AD26C2EC64008956E9 /* RegistrationController.swift */; };
		8DDAA5B026C2F73F008956E9 /* Utilities.swift in Sources */ = {isa = PBXBuildFile; fileRef = 8DDAA5AF26C2F73F008956E9 /* Utilities.swift */; };
		8DDAA5B226C3E594008956E9 /* GoogleService-Info.plist in Resources */ = {isa = PBXBuildFile; fileRef = 8DDAA5B126C3E593008956E9 /* GoogleService-Info.plist */; };
/* End PBXBuildFile section */

/* Begin PBXFileReference section */
		8D76CE3C26C2CEDB0088939E /* WhyShyApp.app */ = {isa = PBXFileReference; explicitFileType = wrapper.application; includeInIndex = 0; path = WhyShyApp.app; sourceTree = BUILT_PRODUCTS_DIR; };
		8D76CE3F26C2CEDB0088939E /* AppDelegate.swift */ = {isa = PBXFileReference; lastKnownFileType = sourcecode.swift; path = AppDelegate.swift; sourceTree = "<group>"; };
		8D76CE4126C2CEDB0088939E /* SceneDelegate.swift */ = {isa = PBXFileReference; lastKnownFileType = sourcecode.swift; path = SceneDelegate.swift; sourceTree = "<group>"; };
		8D76CE4826C2CEE10088939E /* Assets.xcassets */ = {isa = PBXFileReference; lastKnownFileType = folder.assetcatalog; path = Assets.xcassets; sourceTree = "<group>"; };
		8D76CE4B26C2CEE10088939E /* Base */ = {isa = PBXFileReference; lastKnownFileType = file.storyboard; name = Base; path = Base.lproj/LaunchScreen.storyboard; sourceTree = "<group>"; };
		8D76CE4D26C2CEE10088939E /* Info.plist */ = {isa = PBXFileReference; lastKnownFileType = text.plist.xml; path = Info.plist; sourceTree = "<group>"; };
		8D76CE5826C2D0660088939E /* MainTabController.swift */ = {isa = PBXFileReference; lastKnownFileType = sourcecode.swift; path = MainTabController.swift; sourceTree = "<group>"; };
		8D76CE5C26C2D3440088939E /* FeedController.swift */ = {isa = PBXFileReference; lastKnownFileType = sourcecode.swift; path = FeedController.swift; sourceTree = "<group>"; };
		8D76CE5E26C2D3A10088939E /* ExploreController.swift */ = {isa = PBXFileReference; lastKnownFileType = sourcecode.swift; path = ExploreController.swift; sourceTree = "<group>"; };
		8D76CE6026C2D3C30088939E /* NotificationsController.swift */ = {isa = PBXFileReference; lastKnownFileType = sourcecode.swift; path = NotificationsController.swift; sourceTree = "<group>"; };
		8D76CE6226C2D3D70088939E /* ConversationsController.swift */ = {isa = PBXFileReference; lastKnownFileType = sourcecode.swift; path = ConversationsController.swift; sourceTree = "<group>"; };
		8D76CE6626C2DDD00088939E /* Constants.swift */ = {isa = PBXFileReference; lastKnownFileType = sourcecode.swift; path = Constants.swift; sourceTree = "<group>"; };
		8D76CE6826C2DF570088939E /* Extensions.swift */ = {isa = PBXFileReference; lastKnownFileType = sourcecode.swift; path = Extensions.swift; sourceTree = "<group>"; };
		8DDAA5AB26C2EBEA008956E9 /* LoginController.swift */ = {isa = PBXFileReference; lastKnownFileType = sourcecode.swift; path = LoginController.swift; sourceTree = "<group>"; };
		8DDAA5AD26C2EC64008956E9 /* RegistrationController.swift */ = {isa = PBXFileReference; lastKnownFileType = sourcecode.swift; path = RegistrationController.swift; sourceTree = "<group>"; };
		8DDAA5AF26C2F73F008956E9 /* Utilities.swift */ = {isa = PBXFileReference; lastKnownFileType = sourcecode.swift; path = Utilities.swift; sourceTree = "<group>"; };
		8DDAA5B126C3E593008956E9 /* GoogleService-Info.plist */ = {isa = PBXFileReference; lastKnownFileType = text.plist; path = "GoogleService-Info.plist"; sourceTree = SOURCE_ROOT; };
/* End PBXFileReference section */

/* Begin PBXFrameworksBuildPhase section */
		8D76CE3926C2CEDB0088939E /* Frameworks */ = {
			isa = PBXFrameworksBuildPhase;
			buildActionMask = 2147483647;
			files = (
			);
			runOnlyForDeploymentPostprocessing = 0;
		};
/* End PBXFrameworksBuildPhase section */

/* Begin PBXGroup section */
		8D76CE3326C2CEDB0088939E = {
			isa = PBXGroup;
			children = (
				8D76CE3E26C2CEDB0088939E /* WhyShyApp */,
				8D76CE3D26C2CEDB0088939E /* Products */,
			);
			sourceTree = "<group>";
		};
		8D76CE3D26C2CEDB0088939E /* Products */ = {
			isa = PBXGroup;
			children = (
				8D76CE3C26C2CEDB0088939E /* WhyShyApp.app */,
			);
			name = Products;
			sourceTree = "<group>";
		};
		8D76CE3E26C2CEDB0088939E /* WhyShyApp */ = {
			isa = PBXGroup;
			children = (
				8D76CE5726C2CF1B0088939E /* Model */,
				8D76CE5526C2CF070088939E /* ViewModel */,
				8D76CE5626C2CF180088939E /* View */,
				8D76CE5426C2CF050088939E /* Controller */,
				8D76CE6526C2DDBB0088939E /* Utills */,
				8D76CE5A26C2D1860088939E /* Resources */,
				8D76CE6426C2DDB00088939E /* API */,
				8D76CE4D26C2CEE10088939E /* Info.plist */,
				8DDAA5B126C3E593008956E9 /* GoogleService-Info.plist */,
			);
			path = WhyShyApp;
			sourceTree = "<group>";
		};
		8D76CE5426C2CF050088939E /* Controller */ = {
			isa = PBXGroup;
			children = (
				8DDAA5AA26C2EBCB008956E9 /* Authentication */,
				8D76CE5826C2D0660088939E /* MainTabController.swift */,
				8D76CE5C26C2D3440088939E /* FeedController.swift */,
				8D76CE5E26C2D3A10088939E /* ExploreController.swift */,
				8D76CE6026C2D3C30088939E /* NotificationsController.swift */,
				8D76CE6226C2D3D70088939E /* ConversationsController.swift */,
			);
			path = Controller;
			sourceTree = "<group>";
		};
		8D76CE5526C2CF070088939E /* ViewModel */ = {
			isa = PBXGroup;
			children = (
			);
			path = ViewModel;
			sourceTree = "<group>";
		};
		8D76CE5626C2CF180088939E /* View */ = {
			isa = PBXGroup;
			children = (
				8D76CE5B26C2D1A00088939E /* Storyboards */,
				8D76CE4826C2CEE10088939E /* Assets.xcassets */,
			);
			path = View;
			sourceTree = "<group>";
		};
		8D76CE5726C2CF1B0088939E /* Model */ = {
			isa = PBXGroup;
			children = (
			);
			path = Model;
			sourceTree = "<group>";
		};
		8D76CE5A26C2D1860088939E /* Resources */ = {
			isa = PBXGroup;
			children = (
				8D76CE3F26C2CEDB0088939E /* AppDelegate.swift */,
				8D76CE4126C2CEDB0088939E /* SceneDelegate.swift */,
			);
			path = Resources;
			sourceTree = "<group>";
		};
		8D76CE5B26C2D1A00088939E /* Storyboards */ = {
			isa = PBXGroup;
			children = (
				8D76CE4A26C2CEE10088939E /* LaunchScreen.storyboard */,
			);
			path = Storyboards;
			sourceTree = "<group>";
		};
		8D76CE6426C2DDB00088939E /* API */ = {
			isa = PBXGroup;
			children = (
			);
			path = API;
			sourceTree = "<group>";
		};
		8D76CE6526C2DDBB0088939E /* Utills */ = {
			isa = PBXGroup;
			children = (
				8D76CE6626C2DDD00088939E /* Constants.swift */,
				8D76CE6826C2DF570088939E /* Extensions.swift */,
				8DDAA5AF26C2F73F008956E9 /* Utilities.swift */,
			);
			path = Utills;
			sourceTree = "<group>";
		};
		8DDAA5AA26C2EBCB008956E9 /* Authentication */ = {
			isa = PBXGroup;
			children = (
				8DDAA5AB26C2EBEA008956E9 /* LoginController.swift */,
				8DDAA5AD26C2EC64008956E9 /* RegistrationController.swift */,
			);
			path = Authentication;
			sourceTree = "<group>";
		};
/* End PBXGroup section */

/* Begin PBXNativeTarget section */
		8D76CE3B26C2CEDB0088939E /* WhyShyApp */ = {
			isa = PBXNativeTarget;
			buildConfigurationList = 8D76CE5026C2CEE10088939E /* Build configuration list for PBXNativeTarget "WhyShyApp" */;
			buildPhases = (
				8D76CE3826C2CEDB0088939E /* Sources */,
				8D76CE3926C2CEDB0088939E /* Frameworks */,
				8D76CE3A26C2CEDB0088939E /* Resources */,
			);
			buildRules = (
			);
			dependencies = (
			);
			name = WhyShyApp;
			productName = WhyShyApp;
			productReference = 8D76CE3C26C2CEDB0088939E /* WhyShyApp.app */;
			productType = "com.apple.product-type.application";
		};
/* End PBXNativeTarget section */

/* Begin PBXProject section */
		8D76CE3426C2CEDB0088939E /* Project object */ = {
			isa = PBXProject;
			attributes = {
				LastSwiftUpdateCheck = 1250;
				LastUpgradeCheck = 1250;
				TargetAttributes = {
					8D76CE3B26C2CEDB0088939E = {
						CreatedOnToolsVersion = 12.5.1;
					};
				};
			};
			buildConfigurationList = 8D76CE3726C2CEDB0088939E /* Build configuration list for PBXProject "WhyShyApp" */;
			compatibilityVersion = "Xcode 9.3";
			developmentRegion = en;
			hasScannedForEncodings = 0;
			knownRegions = (
				en,
				Base,
			);
			mainGroup = 8D76CE3326C2CEDB0088939E;
			productRefGroup = 8D76CE3D26C2CEDB0088939E /* Products */;
			projectDirPath = "";
			projectRoot = "";
			targets = (
				8D76CE3B26C2CEDB0088939E /* WhyShyApp */,
			);
		};
/* End PBXProject section */

/* Begin PBXResourcesBuildPhase section */
		8D76CE3A26C2CEDB0088939E /* Resources */ = {
			isa = PBXResourcesBuildPhase;
			buildActionMask = 2147483647;
			files = (
				8D76CE4C26C2CEE10088939E /* LaunchScreen.storyboard in Resources */,
				8D76CE4926C2CEE10088939E /* Assets.xcassets in Resources */,
				8DDAA5B226C3E594008956E9 /* GoogleService-Info.plist in Resources */,
			);
			runOnlyForDeploymentPostprocessing = 0;
		};
/* End PBXResourcesBuildPhase section */

/* Begin PBXSourcesBuildPhase section */
		8D76CE3826C2CEDB0088939E /* Sources */ = {
			isa = PBXSourcesBuildPhase;
			buildActionMask = 2147483647;
			files = (
				8D76CE6126C2D3C30088939E /* NotificationsController.swift in Sources */,
				8D76CE6926C2DF570088939E /* Extensions.swift in Sources */,
				8D76CE6326C2D3D70088939E /* ConversationsController.swift in Sources */,
				8D76CE4026C2CEDB0088939E /* AppDelegate.swift in Sources */,
				8D76CE4226C2CEDB0088939E /* SceneDelegate.swift in Sources */,
				8D76CE5F26C2D3A10088939E /* ExploreController.swift in Sources */,
				8DDAA5B026C2F73F008956E9 /* Utilities.swift in Sources */,
				8DDAA5AE26C2EC64008956E9 /* RegistrationController.swift in Sources */,
				8D76CE5926C2D0660088939E /* MainTabController.swift in Sources */,
				8D76CE5D26C2D3440088939E /* FeedController.swift in Sources */,
				8D76CE6726C2DDD00088939E /* Constants.swift in Sources */,
				8DDAA5AC26C2EBEA008956E9 /* LoginController.swift in Sources */,
			);
			runOnlyForDeploymentPostprocessing = 0;
		};
/* End PBXSourcesBuildPhase section */

/* Begin PBXVariantGroup section */
		8D76CE4A26C2CEE10088939E /* LaunchScreen.storyboard */ = {
			isa = PBXVariantGroup;
			children = (
				8D76CE4B26C2CEE10088939E /* Base */,
			);
			name = LaunchScreen.storyboard;
			sourceTree = "<group>";
		};
/* End PBXVariantGroup section */

/* Begin XCBuildConfiguration section */
		8D76CE4E26C2CEE10088939E /* Debug */ = {
			isa = XCBuildConfiguration;
			buildSettings = {
				ALWAYS_SEARCH_USER_PATHS = NO;
				CLANG_ANALYZER_NONNULL = YES;
				CLANG_ANALYZER_NUMBER_OBJECT_CONVERSION = YES_AGGRESSIVE;
				CLANG_CXX_LANGUAGE_STANDARD = "gnu++14";
				CLANG_CXX_LIBRARY = "libc++";
				CLANG_ENABLE_MODULES = YES;
				CLANG_ENABLE_OBJC_ARC = YES;
				CLANG_ENABLE_OBJC_WEAK = YES;
				CLANG_WARN_BLOCK_CAPTURE_AUTORELEASING = YES;
				CLANG_WARN_BOOL_CONVERSION = YES;
				CLANG_WARN_COMMA = YES;
				CLANG_WARN_CONSTANT_CONVERSION = YES;
				CLANG_WARN_DEPRECATED_OBJC_IMPLEMENTATIONS = YES;
				CLANG_WARN_DIRECT_OBJC_ISA_USAGE = YES_ERROR;
				CLANG_WARN_DOCUMENTATION_COMMENTS = YES;
				CLANG_WARN_EMPTY_BODY = YES;
				CLANG_WARN_ENUM_CONVERSION = YES;
				CLANG_WARN_INFINITE_RECURSION = YES;
				CLANG_WARN_INT_CONVERSION = YES;
				CLANG_WARN_NON_LITERAL_NULL_CONVERSION = YES;
				CLANG_WARN_OBJC_IMPLICIT_RETAIN_SELF = YES;
				CLANG_WARN_OBJC_LITERAL_CONVERSION = YES;
				CLANG_WARN_OBJC_ROOT_CLASS = YES_ERROR;
				CLANG_WARN_QUOTED_INCLUDE_IN_FRAMEWORK_HEADER = YES;
				CLANG_WARN_RANGE_LOOP_ANALYSIS = YES;
				CLANG_WARN_STRICT_PROTOTYPES = YES;
				CLANG_WARN_SUSPICIOUS_MOVE = YES;
				CLANG_WARN_UNGUARDED_AVAILABILITY = YES_AGGRESSIVE;
				CLANG_WARN_UNREACHABLE_CODE = YES;
				CLANG_WARN__DUPLICATE_METHOD_MATCH = YES;
				COPY_PHASE_STRIP = NO;
				DEBUG_INFORMATION_FORMAT = dwarf;
				ENABLE_STRICT_OBJC_MSGSEND = YES;
				ENABLE_TESTABILITY = YES;
				GCC_C_LANGUAGE_STANDARD = gnu11;
				GCC_DYNAMIC_NO_PIC = NO;
				GCC_NO_COMMON_BLOCKS = YES;
				GCC_OPTIMIZATION_LEVEL = 0;
				GCC_PREPROCESSOR_DEFINITIONS = (
					"DEBUG=1",
					"$(inherited)",
				);
				GCC_WARN_64_TO_32_BIT_CONVERSION = YES;
				GCC_WARN_ABOUT_RETURN_TYPE = YES_ERROR;
				GCC_WARN_UNDECLARED_SELECTOR = YES;
				GCC_WARN_UNINITIALIZED_AUTOS = YES_AGGRESSIVE;
				GCC_WARN_UNUSED_FUNCTION = YES;
				GCC_WARN_UNUSED_VARIABLE = YES;
				IPHONEOS_DEPLOYMENT_TARGET = 14.5;
				MTL_ENABLE_DEBUG_INFO = INCLUDE_SOURCE;
				MTL_FAST_MATH = YES;
				ONLY_ACTIVE_ARCH = YES;
				SDKROOT = iphoneos;
				SWIFT_ACTIVE_COMPILATION_CONDITIONS = DEBUG;
				SWIFT_OPTIMIZATION_LEVEL = "-Onone";
			};
			name = Debug;
		};
		8D76CE4F26C2CEE10088939E /* Release */ = {
			isa = XCBuildConfiguration;
			buildSettings = {
				ALWAYS_SEARCH_USER_PATHS = NO;
				CLANG_ANALYZER_NONNULL = YES;
				CLANG_ANALYZER_NUMBER_OBJECT_CONVERSION = YES_AGGRESSIVE;
				CLANG_CXX_LANGUAGE_STANDARD = "gnu++14";
				CLANG_CXX_LIBRARY = "libc++";
				CLANG_ENABLE_MODULES = YES;
				CLANG_ENABLE_OBJC_ARC = YES;
				CLANG_ENABLE_OBJC_WEAK = YES;
				CLANG_WARN_BLOCK_CAPTURE_AUTORELEASING = YES;
				CLANG_WARN_BOOL_CONVERSION = YES;
				CLANG_WARN_COMMA = YES;
				CLANG_WARN_CONSTANT_CONVERSION = YES;
				CLANG_WARN_DEPRECATED_OBJC_IMPLEMENTATIONS = YES;
				CLANG_WARN_DIRECT_OBJC_ISA_USAGE = YES_ERROR;
				CLANG_WARN_DOCUMENTATION_COMMENTS = YES;
				CLANG_WARN_EMPTY_BODY = YES;
				CLANG_WARN_ENUM_CONVERSION = YES;
				CLANG_WARN_INFINITE_RECURSION = YES;
				CLANG_WARN_INT_CONVERSION = YES;
				CLANG_WARN_NON_LITERAL_NULL_CONVERSION = YES;
				CLANG_WARN_OBJC_IMPLICIT_RETAIN_SELF = YES;
				CLANG_WARN_OBJC_LITERAL_CONVERSION = YES;
				CLANG_WARN_OBJC_ROOT_CLASS = YES_ERROR;
				CLANG_WARN_QUOTED_INCLUDE_IN_FRAMEWORK_HEADER = YES;
				CLANG_WARN_RANGE_LOOP_ANALYSIS = YES;
				CLANG_WARN_STRICT_PROTOTYPES = YES;
				CLANG_WARN_SUSPICIOUS_MOVE = YES;
				CLANG_WARN_UNGUARDED_AVAILABILITY = YES_AGGRESSIVE;
				CLANG_WARN_UNREACHABLE_CODE = YES;
				CLANG_WARN__DUPLICATE_METHOD_MATCH = YES;
				COPY_PHASE_STRIP = NO;
				DEBUG_INFORMATION_FORMAT = "dwarf-with-dsym";
				ENABLE_NS_ASSERTIONS = NO;
				ENABLE_STRICT_OBJC_MSGSEND = YES;
				GCC_C_LANGUAGE_STANDARD = gnu11;
				GCC_NO_COMMON_BLOCKS = YES;
				GCC_WARN_64_TO_32_BIT_CONVERSION = YES;
				GCC_WARN_ABOUT_RETURN_TYPE = YES_ERROR;
				GCC_WARN_UNDECLARED_SELECTOR = YES;
				GCC_WARN_UNINITIALIZED_AUTOS = YES_AGGRESSIVE;
				GCC_WARN_UNUSED_FUNCTION = YES;
				GCC_WARN_UNUSED_VARIABLE = YES;
				IPHONEOS_DEPLOYMENT_TARGET = 14.5;
				MTL_ENABLE_DEBUG_INFO = NO;
				MTL_FAST_MATH = YES;
				SDKROOT = iphoneos;
				SWIFT_COMPILATION_MODE = wholemodule;
				SWIFT_OPTIMIZATION_LEVEL = "-O";
				VALIDATE_PRODUCT = YES;
			};
			name = Release;
		};
		8D76CE5126C2CEE10088939E /* Debug */ = {
			isa = XCBuildConfiguration;
			buildSettings = {
				ASSETCATALOG_COMPILER_APPICON_NAME = AppIcon;
				ASSETCATALOG_COMPILER_GLOBAL_ACCENT_COLOR_NAME = AccentColor;
				CODE_SIGN_STYLE = Automatic;
				DEVELOPMENT_TEAM = YBD3AD74KG;
				INFOPLIST_FILE = WhyShyApp/Info.plist;
				LD_RUNPATH_SEARCH_PATHS = (
					"$(inherited)",
					"@executable_path/Frameworks",
				);
				PRODUCT_BUNDLE_IDENTIFIER = com.nikitalaptyonok.WhyShyApp;
				PRODUCT_NAME = "$(TARGET_NAME)";
				SWIFT_VERSION = 5.0;
				TARGETED_DEVICE_FAMILY = "1,2";
			};
			name = Debug;
		};
		8D76CE5226C2CEE10088939E /* Release */ = {
			isa = XCBuildConfiguration;
			buildSettings = {
				ASSETCATALOG_COMPILER_APPICON_NAME = AppIcon;
				ASSETCATALOG_COMPILER_GLOBAL_ACCENT_COLOR_NAME = AccentColor;
				CODE_SIGN_STYLE = Automatic;
				DEVELOPMENT_TEAM = YBD3AD74KG;
				INFOPLIST_FILE = WhyShyApp/Info.plist;
				LD_RUNPATH_SEARCH_PATHS = (
					"$(inherited)",
					"@executable_path/Frameworks",
				);
				PRODUCT_BUNDLE_IDENTIFIER = com.nikitalaptyonok.WhyShyApp;
				PRODUCT_NAME = "$(TARGET_NAME)";
				SWIFT_VERSION = 5.0;
				TARGETED_DEVICE_FAMILY = "1,2";
			};
			name = Release;
		};
/* End XCBuildConfiguration section */

/* Begin XCConfigurationList section */
		8D76CE3726C2CEDB0088939E /* Build configuration list for PBXProject "WhyShyApp" */ = {
			isa = XCConfigurationList;
			buildConfigurations = (
				8D76CE4E26C2CEE10088939E /* Debug */,
				8D76CE4F26C2CEE10088939E /* Release */,
			);
			defaultConfigurationIsVisible = 0;
			defaultConfigurationName = Release;
		};
		8D76CE5026C2CEE10088939E /* Build configuration list for PBXNativeTarget "WhyShyApp" */ = {
			isa = XCConfigurationList;
			buildConfigurations = (
				8D76CE5126C2CEE10088939E /* Debug */,
				8D76CE5226C2CEE10088939E /* Release */,
			);
			defaultConfigurationIsVisible = 0;
			defaultConfigurationName = Release;
		};
/* End XCConfigurationList section */
	};
	rootObject = 8D76CE3426C2CEDB0088939E /* Project object */;
}
